
Microsoft Visual Studio Solution File, Format Version 11.00
# Visual Studio 2010
Project("{FAE04EC0-301F-11D3-BF4B-00C04F79EFBC}") = "Assembly-CSharp", "Assembly-CSharp.csproj", "{2dba9ee4-2fa5-fc1b-f577-de076f1eeb5f}"
EndProject
Project("{FAE04EC0-301F-11D3-BF4B-00C04F79EFBC}") = "StompyRobot.SRF", "StompyRobot.SRF.csproj", "{f9039e16-2e1e-ddcd-b4d2-6ea4bf654922}"
EndProject
Project("{FAE04EC0-301F-11D3-BF4B-00C04F79EFBC}") = "StompyRobot.SRDebugger", "StompyRobot.SRDebugger.csproj", "{a4718b96-4f1f-03c4-f084-c0584de8503c}"
EndProject
Project("{FAE04EC0-301F-11D3-BF4B-00C04F79EFBC}") = "CFXRDemo", "CFXRDemo.csproj", "{70190dd1-0175-d4d2-5b6c-ed44ec3f4c3a}"
EndProject
Project("{FAE04EC0-301F-11D3-BF4B-00C04F79EFBC}") = "ParticleImage", "ParticleImage.csproj", "{46a01093-3459-1c18-d2a8-4e55d85e5d3e}"
EndProject
Project("{FAE04EC0-301F-11D3-BF4B-00C04F79EFBC}") = "CFXRRuntime", "CFXRRuntime.csproj", "{c366a5bb-8b6d-940a-6cd9-1a182f0847b1}"
EndProject
Project("{FAE04EC0-301F-11D3-BF4B-00C04F79EFBC}") = "Coffee.UIParticle", "Coffee.UIParticle.csproj", "{a7590065-4222-5775-ae7c-1556f36dd211}"
EndProject
Project("{FAE04EC0-301F-11D3-BF4B-00C04F79EFBC}") = "KinoBloom.Runtime", "KinoBloom.Runtime.csproj", "{b9707d6d-b72b-72b1-9d69-fca6b20d4ed0}"
EndProject
Project("{FAE04EC0-301F-11D3-BF4B-00C04F79EFBC}") = "Assembly-CSharp-Editor", "Assembly-CSharp-Editor.csproj", "{78866780-858b-082c-1e0e-ba249f4275c2}"
EndProject
Project("{FAE04EC0-301F-11D3-BF4B-00C04F79EFBC}") = "StompyRobot.SRF.Editor", "StompyRobot.SRF.Editor.csproj", "{c8a64dae-c04f-f8ea-0a62-e1133a4ff1bb}"
EndProject
Project("{FAE04EC0-301F-11D3-BF4B-00C04F79EFBC}") = "CFXREditor", "CFXREditor.csproj", "{7406f1ce-c26b-72ee-c562-0c86a84c259e}"
EndProject
Project("{FAE04EC0-301F-11D3-BF4B-00C04F79EFBC}") = "StompyRobot.SRDebugger.Editor", "StompyRobot.SRDebugger.Editor.csproj", "{b030e735-2349-8185-91f1-04137ee8eacf}"
EndProject
Project("{FAE04EC0-301F-11D3-BF4B-00C04F79EFBC}") = "ParticleImage.Editor", "ParticleImage.Editor.csproj", "{59da5873-9722-dd6f-8b70-a120ce89159e}"
EndProject
Project("{FAE04EC0-301F-11D3-BF4B-00C04F79EFBC}") = "Coffee.UIParticle.Editor", "Coffee.UIParticle.Editor.csproj", "{aaf6c641-6461-123e-8d9e-63eb0a83fc11}"
EndProject
Project("{FAE04EC0-301F-11D3-BF4B-00C04F79EFBC}") = "ToonyColorsPro.Demo.Editor", "ToonyColorsPro.Demo.Editor.csproj", "{2b800457-b5c1-2b0b-da66-8e44636c10fa}"
EndProject
Project("{FAE04EC0-301F-11D3-BF4B-00C04F79EFBC}") = "Sirenix.OdinInspector.Modules.UnityMathematics", "Sirenix.OdinInspector.Modules.UnityMathematics.csproj", "{74ff2e9d-963f-2d88-3e9b-d47aea28e6d5}"
EndProject
Project("{FAE04EC0-301F-11D3-BF4B-00C04F79EFBC}") = "CFXR.WelcomeScreen", "CFXR.WelcomeScreen.csproj", "{88f7cdf5-a351-e085-382e-1c684579c39b}"
EndProject
Global
	GlobalSection(SolutionConfigurationPlatforms) = preSolution
		Debug|Any CPU = Debug|Any CPU
	EndGlobalSection
	GlobalSection(ProjectConfigurationPlatforms) = postSolution
		{2dba9ee4-2fa5-fc1b-f577-de076f1eeb5f}.Debug|Any CPU.ActiveCfg = Debug|Any CPU
		{2dba9ee4-2fa5-fc1b-f577-de076f1eeb5f}.Debug|Any CPU.Build.0 = Debug|Any CPU
		{f9039e16-2e1e-ddcd-b4d2-6ea4bf654922}.Debug|Any CPU.ActiveCfg = Debug|Any CPU
		{f9039e16-2e1e-ddcd-b4d2-6ea4bf654922}.Debug|Any CPU.Build.0 = Debug|Any CPU
		{a4718b96-4f1f-03c4-f084-c0584de8503c}.Debug|Any CPU.ActiveCfg = Debug|Any CPU
		{a4718b96-4f1f-03c4-f084-c0584de8503c}.Debug|Any CPU.Build.0 = Debug|Any CPU
		{70190dd1-0175-d4d2-5b6c-ed44ec3f4c3a}.Debug|Any CPU.ActiveCfg = Debug|Any CPU
		{70190dd1-0175-d4d2-5b6c-ed44ec3f4c3a}.Debug|Any CPU.Build.0 = Debug|Any CPU
		{46a01093-3459-1c18-d2a8-4e55d85e5d3e}.Debug|Any CPU.ActiveCfg = Debug|Any CPU
		{46a01093-3459-1c18-d2a8-4e55d85e5d3e}.Debug|Any CPU.Build.0 = Debug|Any CPU
		{c366a5bb-8b6d-940a-6cd9-1a182f0847b1}.Debug|Any CPU.ActiveCfg = Debug|Any CPU
		{c366a5bb-8b6d-940a-6cd9-1a182f0847b1}.Debug|Any CPU.Build.0 = Debug|Any CPU
		{a7590065-4222-5775-ae7c-1556f36dd211}.Debug|Any CPU.ActiveCfg = Debug|Any CPU
		{a7590065-4222-5775-ae7c-1556f36dd211}.Debug|Any CPU.Build.0 = Debug|Any CPU
		{b9707d6d-b72b-72b1-9d69-fca6b20d4ed0}.Debug|Any CPU.ActiveCfg = Debug|Any CPU
		{b9707d6d-b72b-72b1-9d69-fca6b20d4ed0}.Debug|Any CPU.Build.0 = Debug|Any CPU
		{78866780-858b-082c-1e0e-ba249f4275c2}.Debug|Any CPU.ActiveCfg = Debug|Any CPU
		{78866780-858b-082c-1e0e-ba249f4275c2}.Debug|Any CPU.Build.0 = Debug|Any CPU
		{c8a64dae-c04f-f8ea-0a62-e1133a4ff1bb}.Debug|Any CPU.ActiveCfg = Debug|Any CPU
		{c8a64dae-c04f-f8ea-0a62-e1133a4ff1bb}.Debug|Any CPU.Build.0 = Debug|Any CPU
		{7406f1ce-c26b-72ee-c562-0c86a84c259e}.Debug|Any CPU.ActiveCfg = Debug|Any CPU
		{7406f1ce-c26b-72ee-c562-0c86a84c259e}.Debug|Any CPU.Build.0 = Debug|Any CPU
		{b030e735-2349-8185-91f1-04137ee8eacf}.Debug|Any CPU.ActiveCfg = Debug|Any CPU
		{b030e735-2349-8185-91f1-04137ee8eacf}.Debug|Any CPU.Build.0 = Debug|Any CPU
		{59da5873-9722-dd6f-8b70-a120ce89159e}.Debug|Any CPU.ActiveCfg = Debug|Any CPU
		{59da5873-9722-dd6f-8b70-a120ce89159e}.Debug|Any CPU.Build.0 = Debug|Any CPU
		{aaf6c641-6461-123e-8d9e-63eb0a83fc11}.Debug|Any CPU.ActiveCfg = Debug|Any CPU
		{aaf6c641-6461-123e-8d9e-63eb0a83fc11}.Debug|Any CPU.Build.0 = Debug|Any CPU
		{2b800457-b5c1-2b0b-da66-8e44636c10fa}.Debug|Any CPU.ActiveCfg = Debug|Any CPU
		{2b800457-b5c1-2b0b-da66-8e44636c10fa}.Debug|Any CPU.Build.0 = Debug|Any CPU
		{74ff2e9d-963f-2d88-3e9b-d47aea28e6d5}.Debug|Any CPU.ActiveCfg = Debug|Any CPU
		{74ff2e9d-963f-2d88-3e9b-d47aea28e6d5}.Debug|Any CPU.Build.0 = Debug|Any CPU
		{88f7cdf5-a351-e085-382e-1c684579c39b}.Debug|Any CPU.ActiveCfg = Debug|Any CPU
		{88f7cdf5-a351-e085-382e-1c684579c39b}.Debug|Any CPU.Build.0 = Debug|Any CPU
	EndGlobalSection
	GlobalSection(SolutionProperties) = preSolution
		HideSolutionNode = FALSE
	EndGlobalSection
EndGlobal
